{
    "version": 3,
    "terraform_version": "0.11.8",
    "serial": 38,
    "lineage": "642931d4-1d07-1ce2-42d4-ebe7f12d6e34",
    "modules": [
        {
            "path": [
                "root"
            ],
            "outputs": {},
            "resources": {
                "aws_instance.web": {
                    "type": "aws_instance",
                    "depends_on": [
                        "aws_key_pair.keypair"
                    ],
                    "primary": {
                        "id": "i-0d6955b080ac45240",
                        "attributes": {
                            "ami": "ami-0d6684ba3de2bc693",
                            "arn": "arn:aws:ec2:us-east-2:737975350413:instance/i-0d6955b080ac45240",
                            "associate_public_ip_address": "true",
                            "availability_zone": "us-east-2b",
                            "cpu_core_count": "1",
                            "cpu_threads_per_core": "1",
                            "credit_specification.#": "1",
                            "credit_specification.0.cpu_credits": "standard",
                            "disable_api_termination": "false",
                            "ebs_block_device.#": "0",
                            "ebs_optimized": "false",
                            "ephemeral_block_device.#": "0",
                            "get_password_data": "false",
                            "iam_instance_profile": "",
                            "id": "i-0d6955b080ac45240",
                            "instance_state": "running",
                            "instance_type": "t2.micro",
                            "ipv6_addresses.#": "0",
                            "key_name": "keypair",
                            "monitoring": "false",
                            "network_interface.#": "0",
                            "network_interface_id": "eni-093353b159b60d83a",
                            "password_data": "",
                            "placement_group": "",
                            "primary_network_interface_id": "eni-093353b159b60d83a",
                            "private_dns": "ip-172-31-17-99.us-east-2.compute.internal",
                            "private_ip": "172.31.17.99",
                            "public_dns": "ec2-18-222-137-207.us-east-2.compute.amazonaws.com",
                            "public_ip": "18.222.137.207",
                            "root_block_device.#": "1",
                            "root_block_device.0.delete_on_termination": "true",
                            "root_block_device.0.iops": "100",
                            "root_block_device.0.volume_id": "vol-0ef517ee18119e4f6",
                            "root_block_device.0.volume_size": "8",
                            "root_block_device.0.volume_type": "gp2",
                            "security_groups.#": "2",
                            "security_groups.1454479838": "allow_ssh",
                            "security_groups.348211241": "allow_tls",
                            "source_dest_check": "true",
                            "subnet_id": "subnet-8e1976f4",
                            "tags.%": "1",
                            "tags.Name": "webserver",
                            "tenancy": "default",
                            "volume_tags.%": "0",
                            "vpc_security_group_ids.#": "2",
                            "vpc_security_group_ids.1387200465": "sg-09d4ad7061d0ce430",
                            "vpc_security_group_ids.3005295939": "sg-04d8276bc68b02390"
                        },
                        "meta": {
                            "e2bfb730-ecaa-11e6-8f88-34363bc7c4c0": {
                                "create": 600000000000,
                                "delete": 1200000000000,
                                "update": 600000000000
                            },
                            "schema_version": "1"
                        },
                        "tainted": true
                    },
                    "deposed": [],
                    "provider": "provider.aws"
                },
                "aws_key_pair.keypair": {
                    "type": "aws_key_pair",
                    "depends_on": [],
                    "primary": {
                        "id": "keypair",
                        "attributes": {
                            "fingerprint": "5d:0e:7e:39:90:85:b7:0d:df:5e:2f:e1:75:53:5b:b4",
                            "id": "keypair",
                            "key_name": "keypair",
                            "public_key": "ssh-rsa AAAAB3NzaC1yc2EAAAADAQABAAABAQC64gS1fmX+ewApm93lVfcHY+iVCv0CrbXZwaoDjQAoleSEpFMqRo7RdjyKB5Rr8WHM28y0gMVwKRjrfiq80CZoiWC5qojhOVbclBLTRPdD6glinfZ4d6/oIiadfmUJgzAb8uXQbe96pNVmLMxBUfg0udzut6qXeDuLkWMgb7tzYgouirpYtAnJj16j9igkiYslAg4krybADpyQbtqaMxF2PifGWjeUIGwvI/zAX2MYvIXQOuNr8hv3abaIGyGhx4iFILh0wAwd/2BE7zVwDWdm1xnxoDTs9OBFAw+tYVTzjSWanzLDH36Ji2JjWLsIHcMbd2O8JxbODwgKOuc682Rd iicuh@MacBook-Pro.local"
                        },
                        "meta": {
                            "schema_version": "1"
                        },
                        "tainted": false
                    },
                    "deposed": [],
                    "provider": "provider.aws"
                },
                "aws_security_group.allow_ssh": {
                    "type": "aws_security_group",
                    "depends_on": [],
                    "primary": {
                        "id": "sg-04d8276bc68b02390",
                        "attributes": {
                            "arn": "arn:aws:ec2:us-east-2:737975350413:security-group/sg-04d8276bc68b02390",
                            "description": " allow ssh traffic",
                            "egress.#": "0",
                            "id": "sg-04d8276bc68b02390",
                            "ingress.#": "1",
                            "ingress.2541437006.cidr_blocks.#": "1",
                            "ingress.2541437006.cidr_blocks.0": "0.0.0.0/0",
                            "ingress.2541437006.description": "",
                            "ingress.2541437006.from_port": "22",
                            "ingress.2541437006.ipv6_cidr_blocks.#": "0",
                            "ingress.2541437006.prefix_list_ids.#": "0",
                            "ingress.2541437006.protocol": "tcp",
                            "ingress.2541437006.security_groups.#": "0",
                            "ingress.2541437006.self": "false",
                            "ingress.2541437006.to_port": "22",
                            "name": "allow_ssh",
                            "owner_id": "737975350413",
                            "revoke_rules_on_delete": "false",
                            "tags.%": "1",
                            "tags.Name": "allow_ssh",
                            "vpc_id": "vpc-27a0ae4f"
                        },
                        "meta": {
                            "e2bfb730-ecaa-11e6-8f88-34363bc7c4c0": {
                                "create": 600000000000,
                                "delete": 600000000000
                            },
                            "schema_version": "1"
                        },
                        "tainted": false
                    },
                    "deposed": [],
                    "provider": "provider.aws"
                },
                "aws_security_group.allow_tls": {
                    "type": "aws_security_group",
                    "depends_on": [],
                    "primary": {
                        "id": "sg-09d4ad7061d0ce430",
                        "attributes": {
                            "arn": "arn:aws:ec2:us-east-2:737975350413:security-group/sg-09d4ad7061d0ce430",
                            "description": " allow tls traffic",
                            "egress.#": "0",
                            "id": "sg-09d4ad7061d0ce430",
                            "ingress.#": "1",
                            "ingress.2617001939.cidr_blocks.#": "1",
                            "ingress.2617001939.cidr_blocks.0": "0.0.0.0/0",
                            "ingress.2617001939.description": "",
                            "ingress.2617001939.from_port": "443",
                            "ingress.2617001939.ipv6_cidr_blocks.#": "0",
                            "ingress.2617001939.prefix_list_ids.#": "0",
                            "ingress.2617001939.protocol": "tcp",
                            "ingress.2617001939.security_groups.#": "0",
                            "ingress.2617001939.self": "false",
                            "ingress.2617001939.to_port": "443",
                            "name": "allow_tls",
                            "owner_id": "737975350413",
                            "revoke_rules_on_delete": "false",
                            "tags.%": "1",
                            "tags.Name": "allow_tls",
                            "vpc_id": "vpc-27a0ae4f"
                        },
                        "meta": {
                            "e2bfb730-ecaa-11e6-8f88-34363bc7c4c0": {
                                "create": 600000000000,
                                "delete": 600000000000
                            },
                            "schema_version": "1"
                        },
                        "tainted": false
                    },
                    "deposed": [],
                    "provider": "provider.aws"
                }
            },
            "depends_on": []
        }
    ]
}
